
Microsoft Visual Studio Solution File, Format Version 12.00
# Visual Studio 15
VisualStudioVersion = 15.0.27130.2020
MinimumVisualStudioVersion = 10.0.40219.1
Project("{E24C65DC-7377-472B-9ABA-BC803B73C61A}") = "TuscanyVilla", "TuscanyVilla\", "{CD492245-006B-4E33-9783-08703A12DDA6}"
	ProjectSection(WebsiteProperties) = preProject
		TargetFrameworkMoniker = ".NETFramework,Version%3Dv4.6.1"
		Debug.AspNetCompiler.VirtualPath = "/localhost_49728"
		Debug.AspNetCompiler.PhysicalPath = "TuscanyVilla\"
		Debug.AspNetCompiler.TargetPath = "PrecompiledWeb\localhost_49728\"
		Debug.AspNetCompiler.Updateable = "true"
		Debug.AspNetCompiler.ForceOverwrite = "true"
		Debug.AspNetCompiler.FixedNames = "false"
		Debug.AspNetCompiler.Debug = "True"
		Release.AspNetCompiler.VirtualPath = "/localhost_49728"
		Release.AspNetCompiler.PhysicalPath = "TuscanyVilla\"
		Release.AspNetCompiler.TargetPath = "PrecompiledWeb\localhost_49728\"
		Release.AspNetCompiler.Updateable = "true"
		Release.AspNetCompiler.ForceOverwrite = "true"
		Release.AspNetCompiler.FixedNames = "false"
		Release.AspNetCompiler.Debug = "False"
		VWDPort = "49728"
		SlnRelativePath = "TuscanyVilla\"
		DefaultWebSiteLanguage = "Visual C#"
	EndProjectSection
EndProject
Global
	GlobalSection(SolutionConfigurationPlatforms) = preSolution
		Debug|Any CPU = Debug|Any CPU
	EndGlobalSection
	GlobalSection(ProjectConfigurationPlatforms) = postSolution
		{CD492245-006B-4E33-9783-08703A12DDA6}.Debug|Any CPU.ActiveCfg = Debug|Any CPU
		{CD492245-006B-4E33-9783-08703A12DDA6}.Debug|Any CPU.Build.0 = Debug|Any CPU
	EndGlobalSection
	GlobalSection(SolutionProperties) = preSolution
		HideSolutionNode = FALSE
	EndGlobalSection
	GlobalSection(ExtensibilityGlobals) = postSolution
		SolutionGuid = {099FD34F-932E-4CDC-BC74-50B88426C1C6}
	EndGlobalSection
EndGlobal
